{
  "schema_version": 1,
  "name": "systematic_stockrate_djia_weekly",
  "strategy_digest": "9d267acb67860909",
  "mission_digest": "b62c3563ebbdc396",
  "output_schema_digest": "97eaf907b0db2802",
  "catalog_sources": [
    "alphavantage_news",
    "fred_macro",
    "massive_filing_text",
    "massive_fundamentals",
    "massive_news",
    "massive_prices",
    "news_sentiment",
    "synthetic_prices",
    "valuation_ratios",
    "web_search"
  ],
  "catalog_kinds": [
    "av_news",
    "filing_text",
    "fundamentals",
    "macro",
    "news",
    "news_sentiment",
    "prices",
    "ratios",
    "web_search"
  ],
  "created_at": "2026-08-06T02:28:16+00:00"
}
