{
  "schema_version": 1,
  "name": "systematic_stockrate_djia",
  "strategy_digest": "13f8d9f945d35413",
  "mission_digest": "ba1d462f7940c786",
  "output_schema_digest": "c14be3eac3dfddbf",
  "catalog_sources": [
    "massive_filing_text",
    "massive_fundamentals",
    "massive_news",
    "massive_prices",
    "news_sentiment",
    "synthetic_prices",
    "valuation_ratios",
    "web_search"
  ],
  "catalog_kinds": [
    "filing_text",
    "fundamentals",
    "news",
    "news_sentiment",
    "prices",
    "ratios",
    "web_search"
  ],
  "created_at": "2026-08-03T09:44:11+00:00"
}
