{
  "schema_version": 1,
  "name": "geopol_trade_war_2018",
  "strategy_digest": "adc402dcc08fd07c",
  "mission_digest": "9651ba621f97befa",
  "output_schema_digest": "c25d369882917ca3",
  "catalog_sources": [
    "alphavantage_news",
    "country_health",
    "event_timeline",
    "fred_macro",
    "massive_filing_text",
    "massive_fundamentals",
    "massive_news",
    "massive_prices",
    "news_sentiment",
    "synthetic_prices",
    "valuation_ratios",
    "web_search"
  ],
  "catalog_kinds": [
    "av_news",
    "country_health",
    "event_timeline",
    "filing_text",
    "fundamentals",
    "macro",
    "news",
    "news_sentiment",
    "prices",
    "ratios",
    "web_search"
  ],
  "created_at": "2026-08-13T10:54:18+00:00"
}
