{
  "schema_version": 1,
  "name": "systematic_stockrate_djia_monthly",
  "strategy_digest": "44b50d68c5510449",
  "mission_digest": "d08ca4bedea89379",
  "output_schema_digest": "7a751ed7bf877035",
  "catalog_sources": [
    "alphavantage_news",
    "fred_macro",
    "massive_filing_text",
    "massive_fundamentals",
    "massive_news",
    "massive_prices",
    "news_sentiment",
    "synthetic_prices",
    "valuation_ratios",
    "web_search"
  ],
  "catalog_kinds": [
    "av_news",
    "filing_text",
    "fundamentals",
    "macro",
    "news",
    "news_sentiment",
    "prices",
    "ratios",
    "web_search"
  ],
  "created_at": "2026-08-12T00:42:22+00:00"
}
